
Microsoft Visual Studio Solution File, Format Version 12.00
# Visual Studio 15
VisualStudioVersion = 15.0.28307.572
MinimumVisualStudioVersion = 10.0.40219.1
Project("{FAE04EC0-301F-11D3-BF4B-00C04F79EFBC}") = "Vending_Machine", "Vending_Machine\Vending_Machine.csproj", "{765DE714-6989-4BD7-B505-3C4429A06F8B}"
EndProject
Global
	GlobalSection(SolutionConfigurationPlatforms) = preSolution
		Debug|Any CPU = Debug|Any CPU
		Release|Any CPU = Release|Any CPU
	EndGlobalSection
	GlobalSection(ProjectConfigurationPlatforms) = postSolution
		{765DE714-6989-4BD7-B505-3C4429A06F8B}.Debug|Any CPU.ActiveCfg = Debug|Any CPU
		{765DE714-6989-4BD7-B505-3C4429A06F8B}.Debug|Any CPU.Build.0 = Debug|Any CPU
		{765DE714-6989-4BD7-B505-3C4429A06F8B}.Release|Any CPU.ActiveCfg = Release|Any CPU
		{765DE714-6989-4BD7-B505-3C4429A06F8B}.Release|Any CPU.Build.0 = Release|Any CPU
	EndGlobalSection
	GlobalSection(SolutionProperties) = preSolution
		HideSolutionNode = FALSE
	EndGlobalSection
	GlobalSection(ExtensibilityGlobals) = postSolution
		SolutionGuid = {6183AB02-E9BB-47C3-8450-EDA7E4E52345}
	EndGlobalSection
EndGlobal
